
Microsoft Visual Studio Solution File, Format Version 12.00
# Visual Studio 15
Project("{FAE04EC0-301F-11D3-BF4B-00C04F79EFBC}") = "Assembly-CSharp", "Assembly-CSharp.csproj", "{999B2C0B-F915-5D7E-6E20-DB2A145A2EF0}"
EndProject
Project("{FAE04EC0-301F-11D3-BF4B-00C04F79EFBC}") = "Assembly-CSharp-Editor", "Assembly-CSharp-Editor.csproj", "{8F5F8D20-A393-CDDE-D3FA-E0812BCE9F55}"
EndProject
Global
	GlobalSection(SolutionConfigurationPlatforms) = preSolution
		Debug|Any CPU = Debug|Any CPU
		Release|Any CPU = Release|Any CPU
	EndGlobalSection
	GlobalSection(ProjectConfigurationPlatforms) = postSolution
		{999B2C0B-F915-5D7E-6E20-DB2A145A2EF0}.Debug|Any CPU.ActiveCfg = Debug|Any CPU
		{999B2C0B-F915-5D7E-6E20-DB2A145A2EF0}.Debug|Any CPU.Build.0 = Debug|Any CPU
		{999B2C0B-F915-5D7E-6E20-DB2A145A2EF0}.Release|Any CPU.ActiveCfg = Release|Any CPU
		{999B2C0B-F915-5D7E-6E20-DB2A145A2EF0}.Release|Any CPU.Build.0 = Release|Any CPU
		{8F5F8D20-A393-CDDE-D3FA-E0812BCE9F55}.Debug|Any CPU.ActiveCfg = Debug|Any CPU
		{8F5F8D20-A393-CDDE-D3FA-E0812BCE9F55}.Debug|Any CPU.Build.0 = Debug|Any CPU
		{8F5F8D20-A393-CDDE-D3FA-E0812BCE9F55}.Release|Any CPU.ActiveCfg = Release|Any CPU
		{8F5F8D20-A393-CDDE-D3FA-E0812BCE9F55}.Release|Any CPU.Build.0 = Release|Any CPU
	EndGlobalSection
	GlobalSection(SolutionProperties) = preSolution
		HideSolutionNode = FALSE
	EndGlobalSection
EndGlobal
